
Microsoft Visual Studio Solution File, Format Version 12.00
# Visual Studio Version 17
VisualStudioVersion = 17.0.32014.148
MinimumVisualStudioVersion = 10.0.40219.1
Project("{FAE04EC0-301F-11D3-BF4B-00C04F79EFBC}") = "lab5", "lab5\lab5.csproj", "{BC49C022-E501-44A6-BAE7-9ED88997C3C9}"
EndProject
Global
	GlobalSection(SolutionConfigurationPlatforms) = preSolution
		Debug|Any CPU = Debug|Any CPU
		Release|Any CPU = Release|Any CPU
	EndGlobalSection
	GlobalSection(ProjectConfigurationPlatforms) = postSolution
		{BC49C022-E501-44A6-BAE7-9ED88997C3C9}.Debug|Any CPU.ActiveCfg = Debug|Any CPU
		{BC49C022-E501-44A6-BAE7-9ED88997C3C9}.Debug|Any CPU.Build.0 = Debug|Any CPU
		{BC49C022-E501-44A6-BAE7-9ED88997C3C9}.Release|Any CPU.ActiveCfg = Release|Any CPU
		{BC49C022-E501-44A6-BAE7-9ED88997C3C9}.Release|Any CPU.Build.0 = Release|Any CPU
	EndGlobalSection
	GlobalSection(SolutionProperties) = preSolution
		HideSolutionNode = FALSE
	EndGlobalSection
	GlobalSection(ExtensibilityGlobals) = postSolution
		SolutionGuid = {84362CD7-9785-4A11-8468-9251D25811CE}
	EndGlobalSection
EndGlobal
